PODS:
  - SnapKit (4.2.0)
  - YSMPageView (0.1.0):
    - SnapKit

DEPENDENCIES:
  - YSMPageView (from `../`)

SPEC REPOS:
  trunk:
    - SnapKit

EXTERNAL SOURCES:
  YSMPageView:
    :path: "../"

SPEC CHECKSUMS:
  SnapKit: fe8a619752f3f27075cc9a90244d75c6c3f27e2a
  YSMPageView: 0bd4650737c1b8456daa0285f77037ee9944b4e2

PODFILE CHECKSUM: 1a1737ef804f413d8135d41d9d4534d9827cea5f

COCOAPODS: 1.9.0.beta.2
